
Microsoft Visual Studio Solution File, Format Version 12.00
# Visual Studio 15
Project("{FAE04EC0-301F-11D3-BF4B-00C04F79EFBC}") = "Assembly-CSharp", "Assembly-CSharp.csproj", "{A575883C-B84C-0624-6B16-F6061461A043}"
EndProject
Project("{FAE04EC0-301F-11D3-BF4B-00C04F79EFBC}") = "Assembly-CSharp-Editor", "Assembly-CSharp-Editor.csproj", "{263BDDCE-637A-2ABB-A521-05BB996B257F}"
EndProject
Global
	GlobalSection(SolutionConfigurationPlatforms) = preSolution
		Debug|Any CPU = Debug|Any CPU
		Release|Any CPU = Release|Any CPU
	EndGlobalSection
	GlobalSection(ProjectConfigurationPlatforms) = postSolution
		{A575883C-B84C-0624-6B16-F6061461A043}.Debug|Any CPU.ActiveCfg = Debug|Any CPU
		{A575883C-B84C-0624-6B16-F6061461A043}.Debug|Any CPU.Build.0 = Debug|Any CPU
		{A575883C-B84C-0624-6B16-F6061461A043}.Release|Any CPU.ActiveCfg = Release|Any CPU
		{A575883C-B84C-0624-6B16-F6061461A043}.Release|Any CPU.Build.0 = Release|Any CPU
		{263BDDCE-637A-2ABB-A521-05BB996B257F}.Debug|Any CPU.ActiveCfg = Debug|Any CPU
		{263BDDCE-637A-2ABB-A521-05BB996B257F}.Debug|Any CPU.Build.0 = Debug|Any CPU
		{263BDDCE-637A-2ABB-A521-05BB996B257F}.Release|Any CPU.ActiveCfg = Release|Any CPU
		{263BDDCE-637A-2ABB-A521-05BB996B257F}.Release|Any CPU.Build.0 = Release|Any CPU
	EndGlobalSection
	GlobalSection(SolutionProperties) = preSolution
		HideSolutionNode = FALSE
	EndGlobalSection
EndGlobal
